{
  "name": "filesystem-explorer",
  "lockfileVersion": 2,
  "requires": true,
  "packages": {
    "": {
      "dependencies": {
        "@icon/simple-line-icons": "^2.5.5-alpha.0"
      }
    },
    "node_modules/@icon/simple-line-icons": {
      "version": "2.5.5-alpha.0",
      "resolved": "https://registry.npmjs.org/@icon/simple-line-icons/-/simple-line-icons-2.5.5-alpha.0.tgz",
      "integrity": "sha512-cht2y3VALV7EeYDwnNP5O/zy2De+TQ/hRT8J6msBwMqCyFmcJJ0C/fyVRwtluiZYEar8+DeNdqNJ0OqgzsRThg=="
    }
  },
  "dependencies": {
    "@icon/simple-line-icons": {
      "version": "2.5.5-alpha.0",
      "resolved": "https://registry.npmjs.org/@icon/simple-line-icons/-/simple-line-icons-2.5.5-alpha.0.tgz",
      "integrity": "sha512-cht2y3VALV7EeYDwnNP5O/zy2De+TQ/hRT8J6msBwMqCyFmcJJ0C/fyVRwtluiZYEar8+DeNdqNJ0OqgzsRThg=="
    }
  }
}
