{
  "name": "php-filesystem-explorer",
  "version": "1.0.0",
  "lockfileVersion": 2,
  "requires": true,
  "packages": {
    "": {
      "name": "php-filesystem-explorer",
      "version": "1.0.0",
      "license": "ISC",
      "dependencies": {
        "@icon/simple-line-icons": "^2.5.5-alpha.0"
      }
    },
    "node_modules/@icon/simple-line-icons": {
      "version": "2.5.5-alpha.0",
      "integrity": "sha512-cht2y3VALV7EeYDwnNP5O/zy2De+TQ/hRT8J6msBwMqCyFmcJJ0C/fyVRwtluiZYEar8+DeNdqNJ0OqgzsRThg=="
    }
  },
  "dependencies": {
    "@icon/simple-line-icons": {
      "version": "2.5.5-alpha.0",
      "integrity": "sha512-cht2y3VALV7EeYDwnNP5O/zy2De+TQ/hRT8J6msBwMqCyFmcJJ0C/fyVRwtluiZYEar8+DeNdqNJ0OqgzsRThg=="
    }
  }
}
